
Microsoft Visual Studio Solution File, Format Version 12.00
# Visual Studio Version 17
VisualStudioVersion = 17.9.34728.123
MinimumVisualStudioVersion = 10.0.40219.1
Project("{FAE04EC0-301F-11D3-BF4B-00C04F79EFBC}") = "EFCallsAnalyzer", "EFCallsAnalyzer.csproj", "{4EA20D27-65EA-4182-A1CB-FC1571D73C9F}"
EndProject
Global
	GlobalSection(SolutionConfigurationPlatforms) = preSolution
		Debug|Any CPU = Debug|Any CPU
		Release|Any CPU = Release|Any CPU
	EndGlobalSection
	GlobalSection(ProjectConfigurationPlatforms) = postSolution
		{4EA20D27-65EA-4182-A1CB-FC1571D73C9F}.Debug|Any CPU.ActiveCfg = Debug|Any CPU
		{4EA20D27-65EA-4182-A1CB-FC1571D73C9F}.Debug|Any CPU.Build.0 = Debug|Any CPU
		{4EA20D27-65EA-4182-A1CB-FC1571D73C9F}.Release|Any CPU.ActiveCfg = Release|Any CPU
		{4EA20D27-65EA-4182-A1CB-FC1571D73C9F}.Release|Any CPU.Build.0 = Release|Any CPU
	EndGlobalSection
	GlobalSection(SolutionProperties) = preSolution
		HideSolutionNode = FALSE
	EndGlobalSection
	GlobalSection(ExtensibilityGlobals) = postSolution
		SolutionGuid = {2EB0F859-7820-4AF6-BA90-958EA65BF332}
	EndGlobalSection
EndGlobal
